lockVersion: 2.0.0
id: 698fc2d5-898d-4d0b-89ca-fb7127989704
management:
  docChecksum: 227d2b044915b095f5f4535dd6e4dc71
  docVersion: 1.0.0
  speakeasyVersion: 1.295.0
  generationVersion: 2.333.3
  releaseVersion: 0.0.1
  configChecksum: 3a070b73a53953e914795f3451c3d517
features:
  typescript:
    additionalDependencies: 0.1.0
    core: 3.9.4
    flattening: 2.81.1
    globalSecurity: 2.82.9
    globalSecurityCallbacks: 0.1.0
    globalServerURLs: 2.82.4
    responseFormat: 0.2.3
    sdkHooks: 0.1.0
generatedFiles:
  - src/sdk/brain.ts
  - src/sdk/document.ts
  - src/sdk/chat.ts
  - src/sdk/chatbot.ts
  - src/sdk/integration.ts
  - src/sdk/ogranisation.ts
  - src/sdk/sdk.ts
  - .eslintrc.js
  - .npmignore
  - RUNTIMES.md
  - jsr.json
  - package.json
  - src/index.ts
  - src/lib/base64.ts
  - src/lib/config.ts
  - src/lib/encodings.ts
  - src/lib/http.ts
  - src/lib/retries.ts
  - src/lib/schemas.ts
  - src/lib/sdks.ts
  - src/lib/security.ts
  - src/lib/url.ts
  - src/sdk/index.ts
  - src/models/errors/sdkerror.ts
  - src/models/errors/sdkvalidationerror.ts
  - src/types/blobs.ts
  - src/types/enums.ts
  - src/types/index.ts
  - src/types/operations.ts
  - src/types/rfcdate.ts
  - tsconfig.json
  - src/models/operations/postbrain.ts
  - src/models/operations/getbrain.ts
  - src/models/operations/putbrainbrainid.ts
  - src/models/operations/getbrainbrainid.ts
  - src/models/operations/deletebrainbrainid.ts
  - src/models/operations/postdocumentbrainidtext.ts
  - src/models/operations/postdocumentbrainidurl.ts
  - src/models/operations/getdocumentbrainiddocumentiddownload.ts
  - src/models/operations/getdocumentbrainid.ts
  - src/models/operations/getdocumentbrainiddocumentid.ts
  - src/models/operations/deletedocumentbrainiddocumentid.ts
  - src/models/operations/postdocumentbrainidfile.ts
  - src/models/operations/postchat.ts
  - src/models/operations/getchat.ts
  - src/models/operations/getchatchatid.ts
  - src/models/operations/putchatchatid.ts
  - src/models/operations/deletechatchatid.ts
  - src/models/operations/postchatgetresponse.ts
  - src/models/operations/postchatlistinteractions.ts
  - src/models/operations/postchatbotcreate.ts
  - src/models/operations/postchatbotlist.ts
  - src/models/operations/postchatbotget.ts
  - src/models/operations/getchatbotanalytics.ts
  - src/models/operations/getchatbotgetmessages.ts
  - src/models/operations/postchatbotupdate.ts
  - src/models/operations/postchatbotdelete.ts
  - src/models/operations/postchatbotreset.ts
  - src/models/operations/getintegrationintegrationnameconnect.ts
  - src/models/operations/getintegrationintegrationnamedisconnect.ts
  - src/models/operations/getintegrationintegrationnamelist.ts
  - src/models/operations/postintegrationintegrationnameadd.ts
  - src/models/operations/getorganisation.ts
  - src/models/components/httpmetadata.ts
  - src/models/components/security.ts
  - src/models/errors/postbrain.ts
  - src/models/errors/putbrainbrainid.ts
  - src/models/errors/getbrainbrainid.ts
  - src/models/errors/postdocumentbrainidurl.ts
  - src/models/errors/index.ts
  - src/models/operations/index.ts
  - src/models/components/index.ts
  - docs/models/operations/postbrainrequestbody.md
  - docs/models/operations/postbrainresponsebody.md
  - docs/models/operations/postbrainresponse.md
  - docs/models/operations/getbrainresponsebody.md
  - docs/models/operations/getbrainresponse.md
  - docs/models/operations/putbrainbrainidrequestbody.md
  - docs/models/operations/putbrainbrainidrequest.md
  - docs/models/operations/putbrainbrainidresponsebody.md
  - docs/models/operations/putbrainbrainidresponse.md
  - docs/models/operations/getbrainbrainidrequest.md
  - docs/models/operations/getbrainbrainidresponsebody.md
  - docs/models/operations/getbrainbrainidresponse.md
  - docs/models/operations/deletebrainbrainidrequest.md
  - docs/models/operations/deletebrainbrainidresponsebody.md
  - docs/models/operations/deletebrainbrainidresponse.md
  - docs/models/operations/postdocumentbrainidtextrequestbody.md
  - docs/models/operations/postdocumentbrainidtextrequest.md
  - docs/models/operations/postdocumentbrainidtextresponsebody.md
  - docs/models/operations/postdocumentbrainidtextresponse.md
  - docs/models/operations/postdocumentbrainidurlrequestbody.md
  - docs/models/operations/postdocumentbrainidurlrequest.md
  - docs/models/operations/postdocumentbrainidurlresponsebody.md
  - docs/models/operations/postdocumentbrainidurlresponse.md
  - docs/models/operations/getdocumentbrainiddocumentiddownloadrequest.md
  - docs/models/operations/getdocumentbrainiddocumentiddownloadresponsebody.md
  - docs/models/operations/getdocumentbrainiddocumentiddownloadresponse.md
  - docs/models/operations/getdocumentbrainidrequest.md
  - docs/models/operations/getdocumentbrainidresponsebody.md
  - docs/models/operations/getdocumentbrainidresponse.md
  - docs/models/operations/getdocumentbrainiddocumentidrequest.md
  - docs/models/operations/getdocumentbrainiddocumentidresponsebody.md
  - docs/models/operations/getdocumentbrainiddocumentidresponse.md
  - docs/models/operations/deletedocumentbrainiddocumentidrequest.md
  - docs/models/operations/deletedocumentbrainiddocumentidresponsebody.md
  - docs/models/operations/deletedocumentbrainiddocumentidresponse.md
  - docs/models/operations/filet.md
  - docs/models/operations/postdocumentbrainidfilerequestbody.md
  - docs/models/operations/postdocumentbrainidfilerequest.md
  - docs/models/operations/postdocumentbrainidfileresponsebody.md
  - docs/models/operations/postdocumentbrainidfileresponse.md
  - docs/models/operations/postchatrequestbody.md
  - docs/models/operations/postchatresponsebody.md
  - docs/models/operations/postchatresponse.md
  - docs/models/operations/getchatresponsebody.md
  - docs/models/operations/getchatresponse.md
  - docs/models/operations/getchatchatidrequest.md
  - docs/models/operations/getchatchatidresponsebody.md
  - docs/models/operations/getchatchatidresponse.md
  - docs/models/operations/putchatchatidrequestbody.md
  - docs/models/operations/putchatchatidrequest.md
  - docs/models/operations/putchatchatidresponsebody.md
  - docs/models/operations/putchatchatidresponse.md
  - docs/models/operations/deletechatchatidrequest.md
  - docs/models/operations/deletechatchatidresponsebody.md
  - docs/models/operations/deletechatchatidresponse.md
  - docs/models/operations/postchatgetresponserequestbody.md
  - docs/models/operations/postchatgetresponseresponsebody.md
  - docs/models/operations/postchatgetresponseresponse.md
  - docs/models/operations/postchatlistinteractionsrequestbody.md
  - docs/models/operations/postchatlistinteractionsresponsebody.md
  - docs/models/operations/postchatlistinteractionsresponse.md
  - docs/models/operations/postchatbotcreaterequestbody.md
  - docs/models/operations/postchatbotcreateresponsebody.md
  - docs/models/operations/postchatbotcreateresponse.md
  - docs/models/operations/postchatbotlistresponsebody.md
  - docs/models/operations/postchatbotlistresponse.md
  - docs/models/operations/postchatbotgetrequest.md
  - docs/models/operations/postchatbotgetresponsebody.md
  - docs/models/operations/postchatbotgetresponse.md
  - docs/models/operations/getchatbotanalyticsrequest.md
  - docs/models/operations/getchatbotanalyticsresponsebody.md
  - docs/models/operations/getchatbotanalyticsresponse.md
  - docs/models/operations/getchatbotgetmessagesrequest.md
  - docs/models/operations/getchatbotgetmessagesresponsebody.md
  - docs/models/operations/getchatbotgetmessagesresponse.md
  - docs/models/operations/postchatbotupdaterequestbody.md
  - docs/models/operations/postchatbotupdateresponsebody.md
  - docs/models/operations/postchatbotupdateresponse.md
  - docs/models/operations/postchatbotdeleterequest.md
  - docs/models/operations/postchatbotdeleteresponsebody.md
  - docs/models/operations/postchatbotdeleteresponse.md
  - docs/models/operations/postchatbotresetrequest.md
  - docs/models/operations/postchatbotresetresponsebody.md
  - docs/models/operations/postchatbotresetresponse.md
  - docs/models/operations/getintegrationintegrationnameconnectrequest.md
  - docs/models/operations/getintegrationintegrationnameconnectresponsebody.md
  - docs/models/operations/getintegrationintegrationnameconnectresponse.md
  - docs/models/operations/getintegrationintegrationnamedisconnectrequest.md
  - docs/models/operations/getintegrationintegrationnamedisconnectresponse.md
  - docs/models/operations/getintegrationintegrationnamelistrequest.md
  - docs/models/operations/getintegrationintegrationnamelistresponsebody.md
  - docs/models/operations/getintegrationintegrationnamelistresponse.md
  - docs/models/operations/postintegrationintegrationnameaddrequestbody.md
  - docs/models/operations/postintegrationintegrationnameaddrequest.md
  - docs/models/operations/postintegrationintegrationnameaddresponsebody.md
  - docs/models/operations/postintegrationintegrationnameaddresponse.md
  - docs/models/operations/getorganisationresponsebody.md
  - docs/models/operations/getorganisationresponse.md
  - docs/models/components/httpmetadata.md
  - docs/models/components/security.md
  - docs/models/errors/postbrainbrainresponsebody.md
  - docs/models/errors/postbrainresponsebody.md
  - docs/models/errors/putbrainbrainidresponsebody.md
  - docs/models/errors/getbrainbrainidresponsebody.md
  - docs/models/errors/postdocumentbrainidurlresponsebody.md
  - docs/sdks/athenacopilot/README.md
  - docs/sdks/brain/README.md
  - docs/sdks/document/README.md
  - docs/sdks/chat/README.md
  - docs/sdks/chatbot/README.md
  - docs/sdks/integration/README.md
  - docs/sdks/ogranisation/README.md
  - USAGE.md
  - .gitattributes
  - src/hooks/hooks.ts
  - src/hooks/types.ts
  - src/hooks/index.ts
