speakeasyVersion: 1.324.0
sources:
    athenaCopilot:
        sourceNamespace: athena-copilot
        sourceRevisionDigest: sha256:db46a5140041af9605e06efe2731406cab3a8e018ee5ab46510d65f53b7f0742
        sourceBlobDigest: sha256:9b9094fd2d607cbdbf7666c7a84d17a428e11c896124d005c5ab6e694d1d1b75
        tags:
            - latest
targets:
    my-first-target:
        source: athenaCopilot
        sourceNamespace: athena-copilot
        sourceRevisionDigest: sha256:db46a5140041af9605e06efe2731406cab3a8e018ee5ab46510d65f53b7f0742
        sourceBlobDigest: sha256:9b9094fd2d607cbdbf7666c7a84d17a428e11c896124d005c5ab6e694d1d1b75
        outLocation: /Users/shreyaan/Desktop/sdk/athena-copilot-typescript
workflow:
    workflowVersion: 1.0.0
    speakeasyVersion: latest
    sources:
        athenaCopilot:
            inputs:
                - location: ../../../Downloads/openapi.yaml
            registry:
                location: registry.speakeasyapi.dev/shreyaan/shreyaan/athena-copilot
    targets:
        my-first-target:
            target: typescript
            source: athenaCopilot
