speakeasyVersion: 1.318.0
sources:
    athenaCopilot:
        sourceNamespace: athena-copilot
        sourceRevisionDigest: sha256:4e358a9fae80488a7ae81730389a0e23d88dd1d354046a4bb286ebb35488387f
        sourceBlobDigest: sha256:b441be7985fd6882f2a3308ba83e481daa74fd3a351f4d969f2ec2953a04cd0a
        tags:
            - latest
targets:
    my-first-target:
        source: athenaCopilot
        sourceNamespace: athena-copilot
        sourceRevisionDigest: sha256:4e358a9fae80488a7ae81730389a0e23d88dd1d354046a4bb286ebb35488387f
        sourceBlobDigest: sha256:b441be7985fd6882f2a3308ba83e481daa74fd3a351f4d969f2ec2953a04cd0a
        outLocation: /Users/shreyaan/Desktop/sdk/athena-copilot-typescript
workflow:
    workflowVersion: 1.0.0
    speakeasyVersion: latest
    sources:
        athenaCopilot:
            inputs:
                - location: ../../../Downloads/openapi.yaml
            registry:
                location: registry.speakeasyapi.dev/shreyaan/shreyaan/athena-copilot
    targets:
        my-first-target:
            target: typescript
            source: athenaCopilot
