speakeasyVersion: 1.296.1
sources:
    athenacopiolet:
        sourceNamespace: athenacopiolet
        sourceRevisionDigest: sha256:06383d83248a66bb3061a2433a730d60ddaa4cec82347f7160e84902867b201d
        sourceBlobDigest: sha256:86e216703ba7b4e5a5a59092552e2cfb7f6cf616e2e788f86b44b3b54e89b509
        tags:
            - latest
targets:
    my-first-target:
        source: athenacopiolet
        sourceNamespace: athenacopiolet
        sourceRevisionDigest: sha256:06383d83248a66bb3061a2433a730d60ddaa4cec82347f7160e84902867b201d
        sourceBlobDigest: sha256:86e216703ba7b4e5a5a59092552e2cfb7f6cf616e2e788f86b44b3b54e89b509
        outLocation: /Users/shreyaan/Desktop/sdk/@athena-ai/sdk-typescript
workflow:
    workflowVersion: 1.0.0
    speakeasyVersion: latest
    sources:
        athenacopiolet:
            inputs:
                - location: ../../../Downloads/openapi.yaml
            registry:
                location: registry.speakeasyapi.dev/shreyaan/shreyaan/athenacopiolet
    targets:
        my-first-target:
            target: typescript
            source: athenacopiolet
